
Microsoft Visual Studio Solution File, Format Version 12.00
# Visual Studio 14
VisualStudioVersion = 14.0.24720.0
MinimumVisualStudioVersion = 10.0.40219.1
Project("{FAE04EC0-301F-11D3-BF4B-00C04F79EFBC}") = "Hemlock", "Hemlock\Hemlock.csproj", "{136939C9-EE2D-405D-B56E-18CBB86ACBFA}"
EndProject
Project("{FAE04EC0-301F-11D3-BF4B-00C04F79EFBC}") = "HemlockTests", "HemlockTests\HemlockTests.csproj", "{834CF673-A3E6-45A0-9FB5-4160BF02E094}"
EndProject
Global
	GlobalSection(SolutionConfigurationPlatforms) = preSolution
		Debug|Any CPU = Debug|Any CPU
		Release|Any CPU = Release|Any CPU
	EndGlobalSection
	GlobalSection(ProjectConfigurationPlatforms) = postSolution
		{136939C9-EE2D-405D-B56E-18CBB86ACBFA}.Debug|Any CPU.ActiveCfg = Debug|Any CPU
		{136939C9-EE2D-405D-B56E-18CBB86ACBFA}.Debug|Any CPU.Build.0 = Debug|Any CPU
		{136939C9-EE2D-405D-B56E-18CBB86ACBFA}.Release|Any CPU.ActiveCfg = Release|Any CPU
		{136939C9-EE2D-405D-B56E-18CBB86ACBFA}.Release|Any CPU.Build.0 = Release|Any CPU
		{834CF673-A3E6-45A0-9FB5-4160BF02E094}.Debug|Any CPU.ActiveCfg = Debug|Any CPU
		{834CF673-A3E6-45A0-9FB5-4160BF02E094}.Debug|Any CPU.Build.0 = Debug|Any CPU
		{834CF673-A3E6-45A0-9FB5-4160BF02E094}.Release|Any CPU.ActiveCfg = Release|Any CPU
		{834CF673-A3E6-45A0-9FB5-4160BF02E094}.Release|Any CPU.Build.0 = Release|Any CPU
	EndGlobalSection
	GlobalSection(SolutionProperties) = preSolution
		HideSolutionNode = FALSE
	EndGlobalSection
EndGlobal
